
Microsoft Visual Studio Solution File, Format Version 12.00
# Visual Studio Version 16
VisualStudioVersion = 16.0.30717.126
MinimumVisualStudioVersion = 10.0.40219.1
Project("{8BC9CEB8-8B4A-11D0-8D11-00A0C91BC942}") = "Dynamic Parallelism Demo", "Dynamic Parallelism Demo\Dynamic Parallelism Demo.vcxproj", "{B923151C-348B-49C8-BFFB-FEE88815781E}"
EndProject
Global
	GlobalSection(SolutionConfigurationPlatforms) = preSolution
		Debug|Win32 = Debug|Win32
		Debug|x64 = Debug|x64
		Debug|x86 = Debug|x86
		Release|Win32 = Release|Win32
		Release|x64 = Release|x64
		Release|x86 = Release|x86
	EndGlobalSection
	GlobalSection(ProjectConfigurationPlatforms) = postSolution
		{B923151C-348B-49C8-BFFB-FEE88815781E}.Debug|Win32.ActiveCfg = Debug|Win32
		{B923151C-348B-49C8-BFFB-FEE88815781E}.Debug|Win32.Build.0 = Debug|Win32
		{B923151C-348B-49C8-BFFB-FEE88815781E}.Debug|x64.ActiveCfg = Debug|x64
		{B923151C-348B-49C8-BFFB-FEE88815781E}.Debug|x64.Build.0 = Debug|x64
		{B923151C-348B-49C8-BFFB-FEE88815781E}.Debug|x86.ActiveCfg = Debug|Win32
		{B923151C-348B-49C8-BFFB-FEE88815781E}.Debug|x86.Build.0 = Debug|Win32
		{B923151C-348B-49C8-BFFB-FEE88815781E}.Release|Win32.ActiveCfg = Release|Win32
		{B923151C-348B-49C8-BFFB-FEE88815781E}.Release|Win32.Build.0 = Release|Win32
		{B923151C-348B-49C8-BFFB-FEE88815781E}.Release|x64.ActiveCfg = Release|x64
		{B923151C-348B-49C8-BFFB-FEE88815781E}.Release|x64.Build.0 = Release|x64
		{B923151C-348B-49C8-BFFB-FEE88815781E}.Release|x86.ActiveCfg = Release|Win32
		{B923151C-348B-49C8-BFFB-FEE88815781E}.Release|x86.Build.0 = Release|Win32
	EndGlobalSection
	GlobalSection(SolutionProperties) = preSolution
		HideSolutionNode = FALSE
	EndGlobalSection
	GlobalSection(ExtensibilityGlobals) = postSolution
		SolutionGuid = {E7A73636-5C81-42F8-BD02-DAD78C4B471D}
	EndGlobalSection
EndGlobal
